
Microsoft Visual Studio Solution File, Format Version 12.00
# Visual Studio Version 17
VisualStudioVersion = 17.11.35327.3
MinimumVisualStudioVersion = 10.0.40219.1
Project("{FAE04EC0-301F-11D3-BF4B-00C04F79EFBC}") = "trees_and_roots", "trees_and_roots\trees_and_roots.csproj", "{0FCBA6CE-CDBE-4DC5-8EB6-A918DE2B5E16}"
EndProject
Global
	GlobalSection(SolutionConfigurationPlatforms) = preSolution
		Debug|Any CPU = Debug|Any CPU
		Release|Any CPU = Release|Any CPU
	EndGlobalSection
	GlobalSection(ProjectConfigurationPlatforms) = postSolution
		{0FCBA6CE-CDBE-4DC5-8EB6-A918DE2B5E16}.Debug|Any CPU.ActiveCfg = Debug|Any CPU
		{0FCBA6CE-CDBE-4DC5-8EB6-A918DE2B5E16}.Debug|Any CPU.Build.0 = Debug|Any CPU
		{0FCBA6CE-CDBE-4DC5-8EB6-A918DE2B5E16}.Release|Any CPU.ActiveCfg = Release|Any CPU
		{0FCBA6CE-CDBE-4DC5-8EB6-A918DE2B5E16}.Release|Any CPU.Build.0 = Release|Any CPU
	EndGlobalSection
	GlobalSection(SolutionProperties) = preSolution
		HideSolutionNode = FALSE
	EndGlobalSection
	GlobalSection(ExtensibilityGlobals) = postSolution
		SolutionGuid = {2E27FCE4-C0F4-4CCF-BD37-F6EC36D99D53}
	EndGlobalSection
EndGlobal
