
Microsoft Visual Studio Solution File, Format Version 12.00
# Visual Studio Version 17
VisualStudioVersion = 17.11.35327.3
MinimumVisualStudioVersion = 10.0.40219.1
Project("{FAE04EC0-301F-11D3-BF4B-00C04F79EFBC}") = "making_list", "making_list\making_list.csproj", "{DDC4D524-E8BE-4951-8475-BD60B6975938}"
EndProject
Global
	GlobalSection(SolutionConfigurationPlatforms) = preSolution
		Debug|Any CPU = Debug|Any CPU
		Release|Any CPU = Release|Any CPU
	EndGlobalSection
	GlobalSection(ProjectConfigurationPlatforms) = postSolution
		{DDC4D524-E8BE-4951-8475-BD60B6975938}.Debug|Any CPU.ActiveCfg = Debug|Any CPU
		{DDC4D524-E8BE-4951-8475-BD60B6975938}.Debug|Any CPU.Build.0 = Debug|Any CPU
		{DDC4D524-E8BE-4951-8475-BD60B6975938}.Release|Any CPU.ActiveCfg = Release|Any CPU
		{DDC4D524-E8BE-4951-8475-BD60B6975938}.Release|Any CPU.Build.0 = Release|Any CPU
	EndGlobalSection
	GlobalSection(SolutionProperties) = preSolution
		HideSolutionNode = FALSE
	EndGlobalSection
	GlobalSection(ExtensibilityGlobals) = postSolution
		SolutionGuid = {480A58A5-FE34-48FF-991A-07D006B15464}
	EndGlobalSection
EndGlobal
